
Microsoft Visual Studio Solution File, Format Version 12.00
# Visual Studio Version 17
VisualStudioVersion = 17.14.36414.22 d17.14
MinimumVisualStudioVersion = 10.0.40219.1
Project("{FAE04EC0-301F-11D3-BF4B-00C04F79EFBC}") = "LMS.Api", "LMS.Api\LMS.Api.csproj", "{DD3039BF-3A85-4F2E-8AB1-D77DE0144109}"
EndProject
Project("{FAE04EC0-301F-11D3-BF4B-00C04F79EFBC}") = "LMS.Application", "LMS.Application\LMS.Application.csproj", "{1EEBF139-5E12-46FE-B106-39C57B0DFD78}"
EndProject
Project("{FAE04EC0-301F-11D3-BF4B-00C04F79EFBC}") = "LMS.Domain", "LMS.Domain\LMS.Domain.csproj", "{DC6A9DC5-8B17-4D20-AF74-DE0A2BFA4F0D}"
EndProject
Project("{FAE04EC0-301F-11D3-BF4B-00C04F79EFBC}") = "LMS.Infrastructure", "LMS.Infrastructure\LMS.Infrastructure.csproj", "{F3E7377F-38C5-4AE9-A96C-1EAF4C0CBFFE}"
EndProject
Project("{FAE04EC0-301F-11D3-BF4B-00C04F79EFBC}") = "LMS.Common", "LMS.Common\LMS.Common.csproj", "{3C5D55F1-F662-484A-A74B-E849CB43658D}"
EndProject
Global
	GlobalSection(SolutionConfigurationPlatforms) = preSolution
		Debug|Any CPU = Debug|Any CPU
		Release|Any CPU = Release|Any CPU
	EndGlobalSection
	GlobalSection(ProjectConfigurationPlatforms) = postSolution
		{DD3039BF-3A85-4F2E-8AB1-D77DE0144109}.Debug|Any CPU.ActiveCfg = Debug|Any CPU
		{DD3039BF-3A85-4F2E-8AB1-D77DE0144109}.Debug|Any CPU.Build.0 = Debug|Any CPU
		{DD3039BF-3A85-4F2E-8AB1-D77DE0144109}.Release|Any CPU.ActiveCfg = Release|Any CPU
		{DD3039BF-3A85-4F2E-8AB1-D77DE0144109}.Release|Any CPU.Build.0 = Release|Any CPU
		{1EEBF139-5E12-46FE-B106-39C57B0DFD78}.Debug|Any CPU.ActiveCfg = Debug|Any CPU
		{1EEBF139-5E12-46FE-B106-39C57B0DFD78}.Debug|Any CPU.Build.0 = Debug|Any CPU
		{1EEBF139-5E12-46FE-B106-39C57B0DFD78}.Release|Any CPU.ActiveCfg = Release|Any CPU
		{1EEBF139-5E12-46FE-B106-39C57B0DFD78}.Release|Any CPU.Build.0 = Release|Any CPU
		{DC6A9DC5-8B17-4D20-AF74-DE0A2BFA4F0D}.Debug|Any CPU.ActiveCfg = Debug|Any CPU
		{DC6A9DC5-8B17-4D20-AF74-DE0A2BFA4F0D}.Debug|Any CPU.Build.0 = Debug|Any CPU
		{DC6A9DC5-8B17-4D20-AF74-DE0A2BFA4F0D}.Release|Any CPU.ActiveCfg = Release|Any CPU
		{DC6A9DC5-8B17-4D20-AF74-DE0A2BFA4F0D}.Release|Any CPU.Build.0 = Release|Any CPU
		{F3E7377F-38C5-4AE9-A96C-1EAF4C0CBFFE}.Debug|Any CPU.ActiveCfg = Debug|Any CPU
		{F3E7377F-38C5-4AE9-A96C-1EAF4C0CBFFE}.Debug|Any CPU.Build.0 = Debug|Any CPU
		{F3E7377F-38C5-4AE9-A96C-1EAF4C0CBFFE}.Release|Any CPU.ActiveCfg = Release|Any CPU
		{F3E7377F-38C5-4AE9-A96C-1EAF4C0CBFFE}.Release|Any CPU.Build.0 = Release|Any CPU
		{3C5D55F1-F662-484A-A74B-E849CB43658D}.Debug|Any CPU.ActiveCfg = Debug|Any CPU
		{3C5D55F1-F662-484A-A74B-E849CB43658D}.Debug|Any CPU.Build.0 = Debug|Any CPU
		{3C5D55F1-F662-484A-A74B-E849CB43658D}.Release|Any CPU.ActiveCfg = Release|Any CPU
		{3C5D55F1-F662-484A-A74B-E849CB43658D}.Release|Any CPU.Build.0 = Release|Any CPU
	EndGlobalSection
	GlobalSection(SolutionProperties) = preSolution
		HideSolutionNode = FALSE
	EndGlobalSection
	GlobalSection(ExtensibilityGlobals) = postSolution
		SolutionGuid = {6F1C1B52-9B48-4A62-8950-7B77AA54B0DA}
	EndGlobalSection
EndGlobal
